<Solution>
  <Folder Name="/doc/">
    <File Path="doc/build.txt" />
  </Folder>
  <Folder Name="/src/">
    <Project Path="src/UpdateTool.Core/UpdateTool.Core.csproj" />
    <Project Path="src/UpdateTool/UpdateTool.csproj" />
  </Folder>
  <Folder Name="/test/">
    <Project Path="test/CoreTest/CoreTest.csproj" Id="8abce5c9-c06a-4ca0-9a64-56fdffd5bc41" />
  </Folder>
</Solution>
